<Solution>
  <Configurations>
    <Platform Name="Any CPU" />
    <Platform Name="ARM" />
    <Platform Name="ARM64" />
    <Platform Name="x64" />
    <Platform Name="x86" />
  </Configurations>
  <Project Path="src/Vernacula.Base/Vernacula.Base.csproj">
    <Platform Project="x64" />
  </Project>
  <Project Path="src/Vernacula.Tts.Base/Vernacula.Tts.Base.csproj">
    <Platform Project="x64" />
  </Project>
  <Project Path="src/Vernacula.Tts.Backends.CLI/Vernacula.Tts.Backends.CLI.csproj">
    <Platform Project="x64" />
  </Project>
  <Project Path="src/Vernacula.Tts.CLI/Vernacula.Tts.CLI.csproj">
    <Platform Project="x64" />
  </Project>
  <Project Path="src/Vernacula.CLI/Vernacula.CLI.csproj">
    <Platform Project="x64" />
  </Project>
  <Project Path="src/Vernacula.Avalonia/Vernacula.Avalonia.csproj">
    <Platform Project="x64" />
  </Project>
  <Project Path="tests/IndicConformerTest/IndicConformerTest.csproj">
    <Platform Project="x64" />
  </Project>
  <Project Path="tests/AsrBackendCoverage/AsrBackendCoverage.csproj">
    <Platform Project="x64" />
  </Project>
  <Project Path="tests/Vernacula.Tts.Tests/Vernacula.Tts.Tests.csproj">
    <Platform Project="x64" />
  </Project>
  <Project Path="tests/Vernacula.Tests/Vernacula.Tests.csproj">
    <Platform Project="x64" />
  </Project>
</Solution>
